
Microsoft Visual Studio Solution File, Format Version 12.00
# Visual Studio 14
VisualStudioVersion = 14.0.24720.0
MinimumVisualStudioVersion = 10.0.40219.1
Project("{FAE04EC0-301F-11D3-BF4B-00C04F79EFBC}") = "OnSiteMonitor", "OnSiteMonitor\OnSiteMonitor.csproj", "{B182F937-E55E-406A-851F-9464B6F8B620}"
	ProjectSection(ProjectDependencies) = postProject
		{6E65C311-7003-41F7-8DAE-F4BC6AFCD6A4} = {6E65C311-7003-41F7-8DAE-F4BC6AFCD6A4}
	EndProjectSection
EndProject
Project("{FAE04EC0-301F-11D3-BF4B-00C04F79EFBC}") = "Erik.Utilities", "Erik.Utilities\Erik.Utilities.csproj", "{6E65C311-7003-41F7-8DAE-F4BC6AFCD6A4}"
EndProject
Project("{FAE04EC0-301F-11D3-BF4B-00C04F79EFBC}") = "Test", "Test\Test.csproj", "{DF4B63DB-A2E1-4F11-B364-32D3FFED46D2}"
EndProject
Project("{FAE04EC0-301F-11D3-BF4B-00C04F79EFBC}") = "FileTranser.MTOM.ClassLibrary", "FileTranser.MTOM.ClassLibrary\FileTranser.MTOM.ClassLibrary.csproj", "{AFF0FDF6-3B78-4D60-A25F-390E7A626ABD}"
EndProject
Project("{FAE04EC0-301F-11D3-BF4B-00C04F79EFBC}") = "WFM.JW.HB.Models", "..\OnSiteMonitor.Web\WFM.JW.HB.Models\WFM.JW.HB.Models.csproj", "{8F424437-648E-44CE-BFF6-487C7B253A72}"
EndProject
Project("{FAE04EC0-301F-11D3-BF4B-00C04F79EFBC}") = "WFM.Starter", "WFM.Starter\WFM.Starter.csproj", "{FF991B82-2051-48E1-9E84-4F50E7000D54}"
EndProject
Project("{FAE04EC0-301F-11D3-BF4B-00C04F79EFBC}") = "WFMRegionCluesReport", "WFMRegionCluesReport\WFMRegionCluesReport.csproj", "{D136D594-8022-4E11-9073-227B06739954}"
EndProject
Global
	GlobalSection(SolutionConfigurationPlatforms) = preSolution
		Debug|Any CPU = Debug|Any CPU
		Debug|x64 = Debug|x64
		Debug|x86 = Debug|x86
		Debug32|Any CPU = Debug32|Any CPU
		Debug32|x64 = Debug32|x64
		Debug32|x86 = Debug32|x86
		Debug64|Any CPU = Debug64|Any CPU
		Debug64|x64 = Debug64|x64
		Debug64|x86 = Debug64|x86
		Release|Any CPU = Release|Any CPU
		Release|x64 = Release|x64
		Release|x86 = Release|x86
	EndGlobalSection
	GlobalSection(ProjectConfigurationPlatforms) = postSolution
		{B182F937-E55E-406A-851F-9464B6F8B620}.Debug|Any CPU.ActiveCfg = Debug|Any CPU
		{B182F937-E55E-406A-851F-9464B6F8B620}.Debug|Any CPU.Build.0 = Debug|Any CPU
		{B182F937-E55E-406A-851F-9464B6F8B620}.Debug|x64.ActiveCfg = Debug|Any CPU
		{B182F937-E55E-406A-851F-9464B6F8B620}.Debug|x64.Build.0 = Debug|Any CPU
		{B182F937-E55E-406A-851F-9464B6F8B620}.Debug|x86.ActiveCfg = Debug|Any CPU
		{B182F937-E55E-406A-851F-9464B6F8B620}.Debug|x86.Build.0 = Debug|Any CPU
		{B182F937-E55E-406A-851F-9464B6F8B620}.Debug32|Any CPU.ActiveCfg = Debug|Any CPU
		{B182F937-E55E-406A-851F-9464B6F8B620}.Debug32|Any CPU.Build.0 = Debug|Any CPU
		{B182F937-E55E-406A-851F-9464B6F8B620}.Debug32|x64.ActiveCfg = Debug|Any CPU
		{B182F937-E55E-406A-851F-9464B6F8B620}.Debug32|x64.Build.0 = Debug|Any CPU
		{B182F937-E55E-406A-851F-9464B6F8B620}.Debug32|x86.ActiveCfg = Debug|Any CPU
		{B182F937-E55E-406A-851F-9464B6F8B620}.Debug32|x86.Build.0 = Debug|Any CPU
		{B182F937-E55E-406A-851F-9464B6F8B620}.Debug64|Any CPU.ActiveCfg = Debug|Any CPU
		{B182F937-E55E-406A-851F-9464B6F8B620}.Debug64|Any CPU.Build.0 = Debug|Any CPU
		{B182F937-E55E-406A-851F-9464B6F8B620}.Debug64|x64.ActiveCfg = Debug|Any CPU
		{B182F937-E55E-406A-851F-9464B6F8B620}.Debug64|x64.Build.0 = Debug|Any CPU
		{B182F937-E55E-406A-851F-9464B6F8B620}.Debug64|x86.ActiveCfg = Debug|Any CPU
		{B182F937-E55E-406A-851F-9464B6F8B620}.Debug64|x86.Build.0 = Debug|Any CPU
		{B182F937-E55E-406A-851F-9464B6F8B620}.Release|Any CPU.ActiveCfg = Release|Any CPU
		{B182F937-E55E-406A-851F-9464B6F8B620}.Release|Any CPU.Build.0 = Release|Any CPU
		{B182F937-E55E-406A-851F-9464B6F8B620}.Release|x64.ActiveCfg = Release|Any CPU
		{B182F937-E55E-406A-851F-9464B6F8B620}.Release|x64.Build.0 = Release|Any CPU
		{B182F937-E55E-406A-851F-9464B6F8B620}.Release|x86.ActiveCfg = Release|Any CPU
		{B182F937-E55E-406A-851F-9464B6F8B620}.Release|x86.Build.0 = Release|Any CPU
		{6E65C311-7003-41F7-8DAE-F4BC6AFCD6A4}.Debug|Any CPU.ActiveCfg = Debug|Any CPU
		{6E65C311-7003-41F7-8DAE-F4BC6AFCD6A4}.Debug|Any CPU.Build.0 = Debug|Any CPU
		{6E65C311-7003-41F7-8DAE-F4BC6AFCD6A4}.Debug|x64.ActiveCfg = Debug|Any CPU
		{6E65C311-7003-41F7-8DAE-F4BC6AFCD6A4}.Debug|x64.Build.0 = Debug|Any CPU
		{6E65C311-7003-41F7-8DAE-F4BC6AFCD6A4}.Debug|x86.ActiveCfg = Debug|Any CPU
		{6E65C311-7003-41F7-8DAE-F4BC6AFCD6A4}.Debug|x86.Build.0 = Debug|Any CPU
		{6E65C311-7003-41F7-8DAE-F4BC6AFCD6A4}.Debug32|Any CPU.ActiveCfg = Debug|Any CPU
		{6E65C311-7003-41F7-8DAE-F4BC6AFCD6A4}.Debug32|Any CPU.Build.0 = Debug|Any CPU
		{6E65C311-7003-41F7-8DAE-F4BC6AFCD6A4}.Debug32|x64.ActiveCfg = Debug|Any CPU
		{6E65C311-7003-41F7-8DAE-F4BC6AFCD6A4}.Debug32|x64.Build.0 = Debug|Any CPU
		{6E65C311-7003-41F7-8DAE-F4BC6AFCD6A4}.Debug32|x86.ActiveCfg = Debug|Any CPU
		{6E65C311-7003-41F7-8DAE-F4BC6AFCD6A4}.Debug32|x86.Build.0 = Debug|Any CPU
		{6E65C311-7003-41F7-8DAE-F4BC6AFCD6A4}.Debug64|Any CPU.ActiveCfg = Debug|Any CPU
		{6E65C311-7003-41F7-8DAE-F4BC6AFCD6A4}.Debug64|Any CPU.Build.0 = Debug|Any CPU
		{6E65C311-7003-41F7-8DAE-F4BC6AFCD6A4}.Debug64|x64.ActiveCfg = Debug|Any CPU
		{6E65C311-7003-41F7-8DAE-F4BC6AFCD6A4}.Debug64|x64.Build.0 = Debug|Any CPU
		{6E65C311-7003-41F7-8DAE-F4BC6AFCD6A4}.Debug64|x86.ActiveCfg = Debug|Any CPU
		{6E65C311-7003-41F7-8DAE-F4BC6AFCD6A4}.Debug64|x86.Build.0 = Debug|Any CPU
		{6E65C311-7003-41F7-8DAE-F4BC6AFCD6A4}.Release|Any CPU.ActiveCfg = Release|Any CPU
		{6E65C311-7003-41F7-8DAE-F4BC6AFCD6A4}.Release|Any CPU.Build.0 = Release|Any CPU
		{6E65C311-7003-41F7-8DAE-F4BC6AFCD6A4}.Release|x64.ActiveCfg = Release|Any CPU
		{6E65C311-7003-41F7-8DAE-F4BC6AFCD6A4}.Release|x64.Build.0 = Release|Any CPU
		{6E65C311-7003-41F7-8DAE-F4BC6AFCD6A4}.Release|x86.ActiveCfg = Release|Any CPU
		{6E65C311-7003-41F7-8DAE-F4BC6AFCD6A4}.Release|x86.Build.0 = Release|Any CPU
		{DF4B63DB-A2E1-4F11-B364-32D3FFED46D2}.Debug|Any CPU.ActiveCfg = Debug|Any CPU
		{DF4B63DB-A2E1-4F11-B364-32D3FFED46D2}.Debug|Any CPU.Build.0 = Debug|Any CPU
		{DF4B63DB-A2E1-4F11-B364-32D3FFED46D2}.Debug|x64.ActiveCfg = Debug|Any CPU
		{DF4B63DB-A2E1-4F11-B364-32D3FFED46D2}.Debug|x64.Build.0 = Debug|Any CPU
		{DF4B63DB-A2E1-4F11-B364-32D3FFED46D2}.Debug|x86.ActiveCfg = Debug|Any CPU
		{DF4B63DB-A2E1-4F11-B364-32D3FFED46D2}.Debug|x86.Build.0 = Debug|Any CPU
		{DF4B63DB-A2E1-4F11-B364-32D3FFED46D2}.Debug32|Any CPU.ActiveCfg = Debug|Any CPU
		{DF4B63DB-A2E1-4F11-B364-32D3FFED46D2}.Debug32|Any CPU.Build.0 = Debug|Any CPU
		{DF4B63DB-A2E1-4F11-B364-32D3FFED46D2}.Debug32|x64.ActiveCfg = Debug|Any CPU
		{DF4B63DB-A2E1-4F11-B364-32D3FFED46D2}.Debug32|x64.Build.0 = Debug|Any CPU
		{DF4B63DB-A2E1-4F11-B364-32D3FFED46D2}.Debug32|x86.ActiveCfg = Debug|Any CPU
		{DF4B63DB-A2E1-4F11-B364-32D3FFED46D2}.Debug32|x86.Build.0 = Debug|Any CPU
		{DF4B63DB-A2E1-4F11-B364-32D3FFED46D2}.Debug64|Any CPU.ActiveCfg = Debug|Any CPU
		{DF4B63DB-A2E1-4F11-B364-32D3FFED46D2}.Debug64|Any CPU.Build.0 = Debug|Any CPU
		{DF4B63DB-A2E1-4F11-B364-32D3FFED46D2}.Debug64|x64.ActiveCfg = Debug|Any CPU
		{DF4B63DB-A2E1-4F11-B364-32D3FFED46D2}.Debug64|x64.Build.0 = Debug|Any CPU
		{DF4B63DB-A2E1-4F11-B364-32D3FFED46D2}.Debug64|x86.ActiveCfg = Debug|Any CPU
		{DF4B63DB-A2E1-4F11-B364-32D3FFED46D2}.Debug64|x86.Build.0 = Debug|Any CPU
		{DF4B63DB-A2E1-4F11-B364-32D3FFED46D2}.Release|Any CPU.ActiveCfg = Release|Any CPU
		{DF4B63DB-A2E1-4F11-B364-32D3FFED46D2}.Release|Any CPU.Build.0 = Release|Any CPU
		{DF4B63DB-A2E1-4F11-B364-32D3FFED46D2}.Release|x64.ActiveCfg = Release|Any CPU
		{DF4B63DB-A2E1-4F11-B364-32D3FFED46D2}.Release|x64.Build.0 = Release|Any CPU
		{DF4B63DB-A2E1-4F11-B364-32D3FFED46D2}.Release|x86.ActiveCfg = Release|Any CPU
		{DF4B63DB-A2E1-4F11-B364-32D3FFED46D2}.Release|x86.Build.0 = Release|Any CPU
		{AFF0FDF6-3B78-4D60-A25F-390E7A626ABD}.Debug|Any CPU.ActiveCfg = Debug|Any CPU
		{AFF0FDF6-3B78-4D60-A25F-390E7A626ABD}.Debug|Any CPU.Build.0 = Debug|Any CPU
		{AFF0FDF6-3B78-4D60-A25F-390E7A626ABD}.Debug|x64.ActiveCfg = Debug|Any CPU
		{AFF0FDF6-3B78-4D60-A25F-390E7A626ABD}.Debug|x64.Build.0 = Debug|Any CPU
		{AFF0FDF6-3B78-4D60-A25F-390E7A626ABD}.Debug|x86.ActiveCfg = Debug|Any CPU
		{AFF0FDF6-3B78-4D60-A25F-390E7A626ABD}.Debug|x86.Build.0 = Debug|Any CPU
		{AFF0FDF6-3B78-4D60-A25F-390E7A626ABD}.Debug32|Any CPU.ActiveCfg = Debug|Any CPU
		{AFF0FDF6-3B78-4D60-A25F-390E7A626ABD}.Debug32|Any CPU.Build.0 = Debug|Any CPU
		{AFF0FDF6-3B78-4D60-A25F-390E7A626ABD}.Debug32|x64.ActiveCfg = Debug|Any CPU
		{AFF0FDF6-3B78-4D60-A25F-390E7A626ABD}.Debug32|x64.Build.0 = Debug|Any CPU
		{AFF0FDF6-3B78-4D60-A25F-390E7A626ABD}.Debug32|x86.ActiveCfg = Debug|Any CPU
		{AFF0FDF6-3B78-4D60-A25F-390E7A626ABD}.Debug32|x86.Build.0 = Debug|Any CPU
		{AFF0FDF6-3B78-4D60-A25F-390E7A626ABD}.Debug64|Any CPU.ActiveCfg = Debug|Any CPU
		{AFF0FDF6-3B78-4D60-A25F-390E7A626ABD}.Debug64|Any CPU.Build.0 = Debug|Any CPU
		{AFF0FDF6-3B78-4D60-A25F-390E7A626ABD}.Debug64|x64.ActiveCfg = Debug|Any CPU
		{AFF0FDF6-3B78-4D60-A25F-390E7A626ABD}.Debug64|x64.Build.0 = Debug|Any CPU
		{AFF0FDF6-3B78-4D60-A25F-390E7A626ABD}.Debug64|x86.ActiveCfg = Debug|Any CPU
		{AFF0FDF6-3B78-4D60-A25F-390E7A626ABD}.Debug64|x86.Build.0 = Debug|Any CPU
		{AFF0FDF6-3B78-4D60-A25F-390E7A626ABD}.Release|Any CPU.ActiveCfg = Release|Any CPU
		{AFF0FDF6-3B78-4D60-A25F-390E7A626ABD}.Release|Any CPU.Build.0 = Release|Any CPU
		{AFF0FDF6-3B78-4D60-A25F-390E7A626ABD}.Release|x64.ActiveCfg = Release|Any CPU
		{AFF0FDF6-3B78-4D60-A25F-390E7A626ABD}.Release|x64.Build.0 = Release|Any CPU
		{AFF0FDF6-3B78-4D60-A25F-390E7A626ABD}.Release|x86.ActiveCfg = Release|Any CPU
		{AFF0FDF6-3B78-4D60-A25F-390E7A626ABD}.Release|x86.Build.0 = Release|Any CPU
		{8F424437-648E-44CE-BFF6-487C7B253A72}.Debug|Any CPU.ActiveCfg = Debug|Any CPU
		{8F424437-648E-44CE-BFF6-487C7B253A72}.Debug|Any CPU.Build.0 = Debug|Any CPU
		{8F424437-648E-44CE-BFF6-487C7B253A72}.Debug|x64.ActiveCfg = Debug|Any CPU
		{8F424437-648E-44CE-BFF6-487C7B253A72}.Debug|x64.Build.0 = Debug|Any CPU
		{8F424437-648E-44CE-BFF6-487C7B253A72}.Debug|x86.ActiveCfg = Debug|Any CPU
		{8F424437-648E-44CE-BFF6-487C7B253A72}.Debug|x86.Build.0 = Debug|Any CPU
		{8F424437-648E-44CE-BFF6-487C7B253A72}.Debug32|Any CPU.ActiveCfg = Debug|Any CPU
		{8F424437-648E-44CE-BFF6-487C7B253A72}.Debug32|Any CPU.Build.0 = Debug|Any CPU
		{8F424437-648E-44CE-BFF6-487C7B253A72}.Debug32|x64.ActiveCfg = Debug|Any CPU
		{8F424437-648E-44CE-BFF6-487C7B253A72}.Debug32|x64.Build.0 = Debug|Any CPU
		{8F424437-648E-44CE-BFF6-487C7B253A72}.Debug32|x86.ActiveCfg = Debug|Any CPU
		{8F424437-648E-44CE-BFF6-487C7B253A72}.Debug32|x86.Build.0 = Debug|Any CPU
		{8F424437-648E-44CE-BFF6-487C7B253A72}.Debug64|Any CPU.ActiveCfg = Debug|Any CPU
		{8F424437-648E-44CE-BFF6-487C7B253A72}.Debug64|Any CPU.Build.0 = Debug|Any CPU
		{8F424437-648E-44CE-BFF6-487C7B253A72}.Debug64|x64.ActiveCfg = Debug|Any CPU
		{8F424437-648E-44CE-BFF6-487C7B253A72}.Debug64|x64.Build.0 = Debug|Any CPU
		{8F424437-648E-44CE-BFF6-487C7B253A72}.Debug64|x86.ActiveCfg = Debug|Any CPU
		{8F424437-648E-44CE-BFF6-487C7B253A72}.Debug64|x86.Build.0 = Debug|Any CPU
		{8F424437-648E-44CE-BFF6-487C7B253A72}.Release|Any CPU.ActiveCfg = Release|Any CPU
		{8F424437-648E-44CE-BFF6-487C7B253A72}.Release|Any CPU.Build.0 = Release|Any CPU
		{8F424437-648E-44CE-BFF6-487C7B253A72}.Release|x64.ActiveCfg = Release|Any CPU
		{8F424437-648E-44CE-BFF6-487C7B253A72}.Release|x64.Build.0 = Release|Any CPU
		{8F424437-648E-44CE-BFF6-487C7B253A72}.Release|x86.ActiveCfg = Release|Any CPU
		{8F424437-648E-44CE-BFF6-487C7B253A72}.Release|x86.Build.0 = Release|Any CPU
		{FF991B82-2051-48E1-9E84-4F50E7000D54}.Debug|Any CPU.ActiveCfg = Debug|Any CPU
		{FF991B82-2051-48E1-9E84-4F50E7000D54}.Debug|Any CPU.Build.0 = Debug|Any CPU
		{FF991B82-2051-48E1-9E84-4F50E7000D54}.Debug|x64.ActiveCfg = Debug|Any CPU
		{FF991B82-2051-48E1-9E84-4F50E7000D54}.Debug|x64.Build.0 = Debug|Any CPU
		{FF991B82-2051-48E1-9E84-4F50E7000D54}.Debug|x86.ActiveCfg = Debug|Any CPU
		{FF991B82-2051-48E1-9E84-4F50E7000D54}.Debug|x86.Build.0 = Debug|Any CPU
		{FF991B82-2051-48E1-9E84-4F50E7000D54}.Debug32|Any CPU.ActiveCfg = Debug|Any CPU
		{FF991B82-2051-48E1-9E84-4F50E7000D54}.Debug32|Any CPU.Build.0 = Debug|Any CPU
		{FF991B82-2051-48E1-9E84-4F50E7000D54}.Debug32|x64.ActiveCfg = Debug|Any CPU
		{FF991B82-2051-48E1-9E84-4F50E7000D54}.Debug32|x64.Build.0 = Debug|Any CPU
		{FF991B82-2051-48E1-9E84-4F50E7000D54}.Debug32|x86.ActiveCfg = Debug|Any CPU
		{FF991B82-2051-48E1-9E84-4F50E7000D54}.Debug32|x86.Build.0 = Debug|Any CPU
		{FF991B82-2051-48E1-9E84-4F50E7000D54}.Debug64|Any CPU.ActiveCfg = Debug|Any CPU
		{FF991B82-2051-48E1-9E84-4F50E7000D54}.Debug64|Any CPU.Build.0 = Debug|Any CPU
		{FF991B82-2051-48E1-9E84-4F50E7000D54}.Debug64|x64.ActiveCfg = Debug|Any CPU
		{FF991B82-2051-48E1-9E84-4F50E7000D54}.Debug64|x64.Build.0 = Debug|Any CPU
		{FF991B82-2051-48E1-9E84-4F50E7000D54}.Debug64|x86.ActiveCfg = Debug|Any CPU
		{FF991B82-2051-48E1-9E84-4F50E7000D54}.Debug64|x86.Build.0 = Debug|Any CPU
		{FF991B82-2051-48E1-9E84-4F50E7000D54}.Release|Any CPU.ActiveCfg = Release|Any CPU
		{FF991B82-2051-48E1-9E84-4F50E7000D54}.Release|Any CPU.Build.0 = Release|Any CPU
		{FF991B82-2051-48E1-9E84-4F50E7000D54}.Release|x64.ActiveCfg = Release|Any CPU
		{FF991B82-2051-48E1-9E84-4F50E7000D54}.Release|x64.Build.0 = Release|Any CPU
		{FF991B82-2051-48E1-9E84-4F50E7000D54}.Release|x86.ActiveCfg = Release|Any CPU
		{FF991B82-2051-48E1-9E84-4F50E7000D54}.Release|x86.Build.0 = Release|Any CPU
		{D136D594-8022-4E11-9073-227B06739954}.Debug|Any CPU.ActiveCfg = Debug|Any CPU
		{D136D594-8022-4E11-9073-227B06739954}.Debug|Any CPU.Build.0 = Debug|Any CPU
		{D136D594-8022-4E11-9073-227B06739954}.Debug|x64.ActiveCfg = Debug|Any CPU
		{D136D594-8022-4E11-9073-227B06739954}.Debug|x64.Build.0 = Debug|Any CPU
		{D136D594-8022-4E11-9073-227B06739954}.Debug|x86.ActiveCfg = Debug|Any CPU
		{D136D594-8022-4E11-9073-227B06739954}.Debug|x86.Build.0 = Debug|Any CPU
		{D136D594-8022-4E11-9073-227B06739954}.Debug32|Any CPU.ActiveCfg = Debug|Any CPU
		{D136D594-8022-4E11-9073-227B06739954}.Debug32|Any CPU.Build.0 = Debug|Any CPU
		{D136D594-8022-4E11-9073-227B06739954}.Debug32|x64.ActiveCfg = Debug|Any CPU
		{D136D594-8022-4E11-9073-227B06739954}.Debug32|x64.Build.0 = Debug|Any CPU
		{D136D594-8022-4E11-9073-227B06739954}.Debug32|x86.ActiveCfg = Debug|Any CPU
		{D136D594-8022-4E11-9073-227B06739954}.Debug32|x86.Build.0 = Debug|Any CPU
		{D136D594-8022-4E11-9073-227B06739954}.Debug64|Any CPU.ActiveCfg = Debug|Any CPU
		{D136D594-8022-4E11-9073-227B06739954}.Debug64|Any CPU.Build.0 = Debug|Any CPU
		{D136D594-8022-4E11-9073-227B06739954}.Debug64|x64.ActiveCfg = Debug|Any CPU
		{D136D594-8022-4E11-9073-227B06739954}.Debug64|x64.Build.0 = Debug|Any CPU
		{D136D594-8022-4E11-9073-227B06739954}.Debug64|x86.ActiveCfg = Debug|Any CPU
		{D136D594-8022-4E11-9073-227B06739954}.Debug64|x86.Build.0 = Debug|Any CPU
		{D136D594-8022-4E11-9073-227B06739954}.Release|Any CPU.ActiveCfg = Release|Any CPU
		{D136D594-8022-4E11-9073-227B06739954}.Release|Any CPU.Build.0 = Release|Any CPU
		{D136D594-8022-4E11-9073-227B06739954}.Release|x64.ActiveCfg = Release|Any CPU
		{D136D594-8022-4E11-9073-227B06739954}.Release|x64.Build.0 = Release|Any CPU
		{D136D594-8022-4E11-9073-227B06739954}.Release|x86.ActiveCfg = Release|Any CPU
		{D136D594-8022-4E11-9073-227B06739954}.Release|x86.Build.0 = Release|Any CPU
	EndGlobalSection
	GlobalSection(SolutionProperties) = preSolution
		HideSolutionNode = FALSE
	EndGlobalSection
EndGlobal
